
Microsoft Visual Studio Solution File, Format Version 12.00
# Visual Studio Version 17
VisualStudioVersion = 17.3.32929.385
MinimumVisualStudioVersion = 10.0.40219.1
Project("{FAE04EC0-301F-11D3-BF4B-00C04F79EFBC}") = "TranslationAPI", "TranslationAPI\TranslationAPI.csproj", "{A3BFA6E5-0753-4BE5-B7A9-1165738DE61F}"
EndProject
Global
	GlobalSection(SolutionConfigurationPlatforms) = preSolution
		Debug|Any CPU = Debug|Any CPU
		Release|Any CPU = Release|Any CPU
	EndGlobalSection
	GlobalSection(ProjectConfigurationPlatforms) = postSolution
		{A3BFA6E5-0753-4BE5-B7A9-1165738DE61F}.Debug|Any CPU.ActiveCfg = Debug|Any CPU
		{A3BFA6E5-0753-4BE5-B7A9-1165738DE61F}.Debug|Any CPU.Build.0 = Debug|Any CPU
		{A3BFA6E5-0753-4BE5-B7A9-1165738DE61F}.Release|Any CPU.ActiveCfg = Release|Any CPU
		{A3BFA6E5-0753-4BE5-B7A9-1165738DE61F}.Release|Any CPU.Build.0 = Release|Any CPU
	EndGlobalSection
	GlobalSection(SolutionProperties) = preSolution
		HideSolutionNode = FALSE
	EndGlobalSection
	GlobalSection(ExtensibilityGlobals) = postSolution
		SolutionGuid = {89DB5E91-B85C-4BA2-822E-D33F8C945C79}
	EndGlobalSection
EndGlobal
